# This file was autogenerated by Stack.
# You should not edit this file by hand.
# For more information, please see the documentation at:
#   https://docs.haskellstack.org/en/stable/lock_files

packages: []
snapshots:
- completed:
    sha256: 1b1cb989b5728e6aee80592e84a3799d4b8c0fe1ea1f29dedfaf4cdd9c0f51c0
    size: 649572
    url: https://raw.githubusercontent.com/commercialhaskell/stackage-snapshots/master/lts/20/14.yaml
  original: lts-20.14
