# This file was autogenerated by Stack.
# You should not edit this file by hand.
# For more information, please see the documentation at:
#   https://docs.haskellstack.org/en/stable/lock_files

packages: []
snapshots:
- completed:
    size: 613770
    url: https://raw.githubusercontent.com/commercialhaskell/stackage-snapshots/master/nightly/2022/6/26.yaml
    sha256: e917cbaab29049e52e1fde2bdfd6fed3ea7adf973763e4e500d5ae17a3bd271a
  original: nightly-2022-06-26
